
Microsoft Visual Studio Solution File, Format Version 12.00
# Visual Studio Version 16
VisualStudioVersion = 16.0.31129.286
MinimumVisualStudioVersion = 10.0.40219.1
Project("{FAE04EC0-301F-11D3-BF4B-00C04F79EFBC}") = "Excercise 13 - 14 - 15", "Excercise 13 - 14 - 15\Excercise 13 - 14 - 15.csproj", "{997B9E22-AE1A-4E93-A6BD-DEDA0BEC9F4C}"
EndProject
Global
	GlobalSection(SolutionConfigurationPlatforms) = preSolution
		Debug|Any CPU = Debug|Any CPU
		Release|Any CPU = Release|Any CPU
	EndGlobalSection
	GlobalSection(ProjectConfigurationPlatforms) = postSolution
		{997B9E22-AE1A-4E93-A6BD-DEDA0BEC9F4C}.Debug|Any CPU.ActiveCfg = Debug|Any CPU
		{997B9E22-AE1A-4E93-A6BD-DEDA0BEC9F4C}.Debug|Any CPU.Build.0 = Debug|Any CPU
		{997B9E22-AE1A-4E93-A6BD-DEDA0BEC9F4C}.Release|Any CPU.ActiveCfg = Release|Any CPU
		{997B9E22-AE1A-4E93-A6BD-DEDA0BEC9F4C}.Release|Any CPU.Build.0 = Release|Any CPU
	EndGlobalSection
	GlobalSection(SolutionProperties) = preSolution
		HideSolutionNode = FALSE
	EndGlobalSection
	GlobalSection(ExtensibilityGlobals) = postSolution
		SolutionGuid = {6CF3B748-3929-43F5-BBE4-A66BE68F890B}
	EndGlobalSection
EndGlobal
